
Microsoft Visual Studio Solution File, Format Version 12.00
Project("{FAE04EC0-301F-11D3-BF4B-00C04F79EFBC}") = "Abr.Fences.Ui", "Abr.Fences.Ui\Abr.Fences.Ui.csproj", "{BA6463F1-5BEB-469B-AB04-94C62998FE36}"
EndProject
Global
	GlobalSection(SolutionConfigurationPlatforms) = preSolution
		Debug|Any CPU = Debug|Any CPU
		Release|Any CPU = Release|Any CPU
	EndGlobalSection
	GlobalSection(ProjectConfigurationPlatforms) = postSolution
		{BA6463F1-5BEB-469B-AB04-94C62998FE36}.Debug|Any CPU.ActiveCfg = Debug|Any CPU
		{BA6463F1-5BEB-469B-AB04-94C62998FE36}.Debug|Any CPU.Build.0 = Debug|Any CPU
		{BA6463F1-5BEB-469B-AB04-94C62998FE36}.Release|Any CPU.ActiveCfg = Release|Any CPU
		{BA6463F1-5BEB-469B-AB04-94C62998FE36}.Release|Any CPU.Build.0 = Release|Any CPU
	EndGlobalSection
EndGlobal
